
Microsoft Visual Studio Solution File, Format Version 12.00
# Visual Studio 15
VisualStudioVersion = 15.0.27130.2036
MinimumVisualStudioVersion = 10.0.40219.1
Project("{FAE04EC0-301F-11D3-BF4B-00C04F79EFBC}") = "StringCalculator", "StringCalculator\StringCalculator.csproj", "{060A14A0-98DF-4AAA-A03D-A15DFD64D92C}"
EndProject
Project("{FAE04EC0-301F-11D3-BF4B-00C04F79EFBC}") = "StringCalculatorTest", "StringCalculatorTest\StringCalculatorTest.csproj", "{217EFFE3-B3C8-408E-85EA-7F794D87636A}"
EndProject
Project("{FAE04EC0-301F-11D3-BF4B-00C04F79EFBC}") = "PrimeFactors", "PrimeFactors\PrimeFactors.csproj", "{D5E67C9F-8741-412D-8D9E-A65DE993C735}"
EndProject
Project("{FAE04EC0-301F-11D3-BF4B-00C04F79EFBC}") = "PrimeFactorsTest", "PrimeFactorsTest\PrimeFactorsTest.csproj", "{C22C23AC-354C-4542-92F9-E29EF5ABFA8C}"
EndProject
Project("{FAE04EC0-301F-11D3-BF4B-00C04F79EFBC}") = "FizzBuzz", "FizzBuzz\FizzBuzz.csproj", "{97A08623-011A-4C95-A787-AD8416DDBACE}"
EndProject
Project("{FAE04EC0-301F-11D3-BF4B-00C04F79EFBC}") = "FizzBuzzTest", "FizzBuzzTest\FizzBuzzTest.csproj", "{3CA181A9-14EC-4F86-B14B-47E3B0CF5B44}"
EndProject
Global
	GlobalSection(SolutionConfigurationPlatforms) = preSolution
		Debug|Any CPU = Debug|Any CPU
		Release|Any CPU = Release|Any CPU
	EndGlobalSection
	GlobalSection(ProjectConfigurationPlatforms) = postSolution
		{060A14A0-98DF-4AAA-A03D-A15DFD64D92C}.Debug|Any CPU.ActiveCfg = Debug|Any CPU
		{060A14A0-98DF-4AAA-A03D-A15DFD64D92C}.Debug|Any CPU.Build.0 = Debug|Any CPU
		{060A14A0-98DF-4AAA-A03D-A15DFD64D92C}.Release|Any CPU.ActiveCfg = Release|Any CPU
		{060A14A0-98DF-4AAA-A03D-A15DFD64D92C}.Release|Any CPU.Build.0 = Release|Any CPU
		{217EFFE3-B3C8-408E-85EA-7F794D87636A}.Debug|Any CPU.ActiveCfg = Debug|Any CPU
		{217EFFE3-B3C8-408E-85EA-7F794D87636A}.Debug|Any CPU.Build.0 = Debug|Any CPU
		{217EFFE3-B3C8-408E-85EA-7F794D87636A}.Release|Any CPU.ActiveCfg = Release|Any CPU
		{217EFFE3-B3C8-408E-85EA-7F794D87636A}.Release|Any CPU.Build.0 = Release|Any CPU
		{D5E67C9F-8741-412D-8D9E-A65DE993C735}.Debug|Any CPU.ActiveCfg = Debug|Any CPU
		{D5E67C9F-8741-412D-8D9E-A65DE993C735}.Debug|Any CPU.Build.0 = Debug|Any CPU
		{D5E67C9F-8741-412D-8D9E-A65DE993C735}.Release|Any CPU.ActiveCfg = Release|Any CPU
		{D5E67C9F-8741-412D-8D9E-A65DE993C735}.Release|Any CPU.Build.0 = Release|Any CPU
		{C22C23AC-354C-4542-92F9-E29EF5ABFA8C}.Debug|Any CPU.ActiveCfg = Debug|Any CPU
		{C22C23AC-354C-4542-92F9-E29EF5ABFA8C}.Debug|Any CPU.Build.0 = Debug|Any CPU
		{C22C23AC-354C-4542-92F9-E29EF5ABFA8C}.Release|Any CPU.ActiveCfg = Release|Any CPU
		{C22C23AC-354C-4542-92F9-E29EF5ABFA8C}.Release|Any CPU.Build.0 = Release|Any CPU
		{97A08623-011A-4C95-A787-AD8416DDBACE}.Debug|Any CPU.ActiveCfg = Debug|Any CPU
		{97A08623-011A-4C95-A787-AD8416DDBACE}.Debug|Any CPU.Build.0 = Debug|Any CPU
		{97A08623-011A-4C95-A787-AD8416DDBACE}.Release|Any CPU.ActiveCfg = Release|Any CPU
		{97A08623-011A-4C95-A787-AD8416DDBACE}.Release|Any CPU.Build.0 = Release|Any CPU
		{3CA181A9-14EC-4F86-B14B-47E3B0CF5B44}.Debug|Any CPU.ActiveCfg = Debug|Any CPU
		{3CA181A9-14EC-4F86-B14B-47E3B0CF5B44}.Debug|Any CPU.Build.0 = Debug|Any CPU
		{3CA181A9-14EC-4F86-B14B-47E3B0CF5B44}.Release|Any CPU.ActiveCfg = Release|Any CPU
		{3CA181A9-14EC-4F86-B14B-47E3B0CF5B44}.Release|Any CPU.Build.0 = Release|Any CPU
	EndGlobalSection
	GlobalSection(SolutionProperties) = preSolution
		HideSolutionNode = FALSE
	EndGlobalSection
	GlobalSection(ExtensibilityGlobals) = postSolution
		SolutionGuid = {A822CC92-3541-42D8-8F0A-27B3C1482446}
	EndGlobalSection
EndGlobal
